# THIS IS AN AUTOGENERATED FILE. DO NOT EDIT THIS FILE DIRECTLY.
# yarn lockfile v1


vite-plugin-pages-sitemap@^1.4.5:
  version "1.4.5"
  resolved "https://registry.yarnpkg.com/vite-plugin-pages-sitemap/-/vite-plugin-pages-sitemap-1.4.5.tgz#7429b6f4b8b6b967cff1797a0738a7aaa0e0789b"
  integrity sha512-AcEoJ+0D0P1CwR1LjzBznHs6yNQVP7ha7l6cl/VHrHFcQXbVyKc+QOmLi1a3eONy+aDA3K01pZVK8TzTIufq/w==
