# THIS IS AN AUTOGENERATED FILE. DO NOT EDIT THIS FILE DIRECTLY.
# yarn lockfile v1


"@types/vue-router@^2.0.0":
  version "2.0.0"
  resolved "https://registry.yarnpkg.com/@types/vue-router/-/vue-router-2.0.0.tgz#81094f2107e766a11b20af7fa0f34bec1f321e28"
  integrity sha512-E454lQ6tp9ftVWdZ8VGZpRcIV4YeqVAcx/uifl3P1GGwscYsxOFdYfgIuKasKO0Fm6Np2JM/L378D3bcRQE9hg==
  dependencies:
    vue-router "*"

"@vue/devtools-api@^6.4.5":
  version "6.4.5"
  resolved "https://registry.yarnpkg.com/@vue/devtools-api/-/devtools-api-6.4.5.tgz#d54e844c1adbb1e677c81c665ecef1a2b4bb8380"
  integrity sha512-JD5fcdIuFxU4fQyXUu3w2KpAJHzTVdN+p4iOX2lMWSHMOoQdMAcpFLZzm9Z/2nmsoZ1a96QEhZ26e50xLBsgOQ==

vite-plugin-pages-sitemap@^1.4.5:
  version "1.4.5"
  resolved "https://registry.yarnpkg.com/vite-plugin-pages-sitemap/-/vite-plugin-pages-sitemap-1.4.5.tgz#7429b6f4b8b6b967cff1797a0738a7aaa0e0789b"
  integrity sha512-AcEoJ+0D0P1CwR1LjzBznHs6yNQVP7ha7l6cl/VHrHFcQXbVyKc+QOmLi1a3eONy+aDA3K01pZVK8TzTIufq/w==

vue-router@*:
  version "4.1.6"
  resolved "https://registry.yarnpkg.com/vue-router/-/vue-router-4.1.6.tgz#b70303737e12b4814578d21d68d21618469375a1"
  integrity sha512-DYWYwsG6xNPmLq/FmZn8Ip+qrhFEzA14EI12MsMgVxvHFDYvlr4NXpVF5hrRH1wVcDP8fGi5F4rxuJSl8/r+EQ==
  dependencies:
    "@vue/devtools-api" "^6.4.5"
